
Microsoft Visual Studio Solution File, Format Version 12.00
# Visual Studio Version 17
VisualStudioVersion = 17.6.33417.168
MinimumVisualStudioVersion = 10.0.40219.1
Project("{FAE04EC0-301F-11D3-BF4B-00C04F79EFBC}") = "TextExtractionSample", "TextExtractionSample\TextExtractionSample.csproj", "{4C54D05A-A656-444D-9835-58E5E54436BA}"
EndProject
Global
	GlobalSection(SolutionConfigurationPlatforms) = preSolution
		Debug|Any CPU = Debug|Any CPU
		Release|Any CPU = Release|Any CPU
	EndGlobalSection
	GlobalSection(ProjectConfigurationPlatforms) = postSolution
		{4C54D05A-A656-444D-9835-58E5E54436BA}.Debug|Any CPU.ActiveCfg = Debug|Any CPU
		{4C54D05A-A656-444D-9835-58E5E54436BA}.Debug|Any CPU.Build.0 = Debug|Any CPU
		{4C54D05A-A656-444D-9835-58E5E54436BA}.Release|Any CPU.ActiveCfg = Release|Any CPU
		{4C54D05A-A656-444D-9835-58E5E54436BA}.Release|Any CPU.Build.0 = Release|Any CPU
	EndGlobalSection
	GlobalSection(SolutionProperties) = preSolution
		HideSolutionNode = FALSE
	EndGlobalSection
	GlobalSection(ExtensibilityGlobals) = postSolution
		SolutionGuid = {7A30187C-B337-4CF6-B556-3A1BBC0FDF07}
	EndGlobalSection
EndGlobal
